{
  "name": "2f7e7bff16d1c534",
  "lockfileVersion": 3,
  "requires": true,
  "packages": {
    "": {
      "dependencies": {
        "create-vue": "^3.16.3"
      }
    },
    "node_modules/create-vue": {
      "version": "3.16.3",
      "resolved": "https://registry.npmmirror.com/create-vue/-/create-vue-3.16.3.tgz",
      "integrity": "sha512-DrM5bD3jEYwJcQQYHRP140zfjPFvuN/Z042xxSyAznqZmv7LJLbz5CefQuHjUL7eFVA13Z6fdM5w2r/L+02unA==",
      "license": "MIT",
      "bin": {
        "create-vue": "bundle.js"
      },
      "engines": {
        "node": ">=v18.3.0"
      }
    }
  }
}
