{
  "name": "2f7e7bff16d1c534",
  "lockfileVersion": 3,
  "requires": true,
  "packages": {
    "": {
      "dependencies": {
        "create-vue": "^3.15.1"
      }
    },
    "node_modules/create-vue": {
      "version": "3.15.1",
      "resolved": "https://registry.npmmirror.com/create-vue/-/create-vue-3.15.1.tgz",
      "integrity": "sha512-lNj60nkLc+LQygE26ZuAO+uNF4d2tNOCUY9VO3JoXhFjgv7//tZg4pcJy8Av5KH190jEHJhp5q2/OMTF1htM5g==",
      "license": "MIT",
      "bin": {
        "create-vue": "outfile.cjs"
      },
      "engines": {
        "node": ">=v18.3.0"
      }
    }
  }
}
