{
  "name": "2f7e7bff16d1c534",
  "lockfileVersion": 3,
  "requires": true,
  "packages": {
    "": {
      "dependencies": {
        "create-vue": "^3.16.4"
      }
    },
    "node_modules/create-vue": {
      "version": "3.16.4",
      "resolved": "https://registry.npmmirror.com/create-vue/-/create-vue-3.16.4.tgz",
      "integrity": "sha512-39af0M6UvqFRTfdRJyTrEkW6nZE22MUl/pHahPJDlioe/h4vvZLk1MNOd8hJWcbKIn9MV/3gbZbVKvC9uID1qA==",
      "license": "MIT",
      "bin": {
        "create-vue": "bundle.js"
      },
      "engines": {
        "node": ">=v18.3.0"
      }
    }
  }
}
